
Microsoft Visual Studio Solution File, Format Version 12.00
Project("{FAE04EC0-301F-11D3-BF4B-00C04F79EFBC}") = "fitnessChallenge", "fitnessChallenge\fitnessChallenge.csproj", "{C7ECB5C9-D9BC-4420-B0E5-62F1035B6E1C}"
EndProject
Global
	GlobalSection(SolutionConfigurationPlatforms) = preSolution
		Debug|Any CPU = Debug|Any CPU
		Release|Any CPU = Release|Any CPU
	EndGlobalSection
	GlobalSection(ProjectConfigurationPlatforms) = postSolution
		{C7ECB5C9-D9BC-4420-B0E5-62F1035B6E1C}.Debug|Any CPU.ActiveCfg = Debug|Any CPU
		{C7ECB5C9-D9BC-4420-B0E5-62F1035B6E1C}.Debug|Any CPU.Build.0 = Debug|Any CPU
		{C7ECB5C9-D9BC-4420-B0E5-62F1035B6E1C}.Release|Any CPU.ActiveCfg = Release|Any CPU
		{C7ECB5C9-D9BC-4420-B0E5-62F1035B6E1C}.Release|Any CPU.Build.0 = Release|Any CPU
	EndGlobalSection
EndGlobal
